{
  "name": "farmpro-assistant",
  "version": "1.0.0",
  "lockfileVersion": 2,
  "requires": true,
  "packages": {
    "": {
      "name": "farmpro-assistant",
      "version": "1.0.0",
      "dependencies": {
        "@capacitor/android": "^5.0.0",
        "@capacitor/core": "^5.0.0"
      },
      "devDependencies": {
        "@capacitor/cli": "^5.0.0"
      }
    }
  },
  "dependencies": {
    "@capacitor/android": {
      "version": "5.0.0",
      "resolved": "https://registry.npmjs.org/@capacitor/android/-/android-5.0.0.tgz",
      "integrity": "sha512-EXAMPLE-HASH-FOR-ANDROID"
    },
    "@capacitor/cli": {
      "version": "5.0.0",
      "resolved": "https://registry.npmjs.org/@capacitor/cli/-/cli-5.0.0.tgz",
      "integrity": "sha512-EXAMPLE-HASH-FOR-CLI"
    },
    "@capacitor/core": {
      "version": "5.0.0",
      "resolved": "https://registry.npmjs.org/@capacitor/core/-/core-5.0.0.tgz",
      "integrity": "sha512-EXAMPLE-HASH-FOR-CORE"
    }
  }
}
